
Microsoft Visual Studio Solution File, Format Version 12.00
# Visual Studio Version 17
VisualStudioVersion = 17.14.37301.10
MinimumVisualStudioVersion = 10.0.40219.1
Project("{FAE04EC0-301F-11D3-BF4B-00C04F79EFBC}") = "SocialNetwork", "SocialNetwork\SocialNetwork.csproj", "{A6FD7A7F-5C6B-407E-9650-0AFF9F6C555D}"
EndProject
Project("{FAE04EC0-301F-11D3-BF4B-00C04F79EFBC}") = "SocialNetwork.Tests", "SocialNetwork.Tests\SocialNetwork.Tests.csproj", "{841A0ED1-5248-4FEE-A8ED-EB6A36208BAB}"
EndProject
Global
	GlobalSection(SolutionConfigurationPlatforms) = preSolution
		Debug|Any CPU = Debug|Any CPU
		Debug|x64 = Debug|x64
		Debug|x86 = Debug|x86
		Release|Any CPU = Release|Any CPU
		Release|x64 = Release|x64
		Release|x86 = Release|x86
	EndGlobalSection
	GlobalSection(ProjectConfigurationPlatforms) = postSolution
		{A6FD7A7F-5C6B-407E-9650-0AFF9F6C555D}.Debug|Any CPU.ActiveCfg = Debug|Any CPU
		{A6FD7A7F-5C6B-407E-9650-0AFF9F6C555D}.Debug|Any CPU.Build.0 = Debug|Any CPU
		{A6FD7A7F-5C6B-407E-9650-0AFF9F6C555D}.Debug|x64.ActiveCfg = Debug|Any CPU
		{A6FD7A7F-5C6B-407E-9650-0AFF9F6C555D}.Debug|x64.Build.0 = Debug|Any CPU
		{A6FD7A7F-5C6B-407E-9650-0AFF9F6C555D}.Debug|x86.ActiveCfg = Debug|Any CPU
		{A6FD7A7F-5C6B-407E-9650-0AFF9F6C555D}.Debug|x86.Build.0 = Debug|Any CPU
		{A6FD7A7F-5C6B-407E-9650-0AFF9F6C555D}.Release|Any CPU.ActiveCfg = Release|Any CPU
		{A6FD7A7F-5C6B-407E-9650-0AFF9F6C555D}.Release|Any CPU.Build.0 = Release|Any CPU
		{A6FD7A7F-5C6B-407E-9650-0AFF9F6C555D}.Release|x64.ActiveCfg = Release|Any CPU
		{A6FD7A7F-5C6B-407E-9650-0AFF9F6C555D}.Release|x64.Build.0 = Release|Any CPU
		{A6FD7A7F-5C6B-407E-9650-0AFF9F6C555D}.Release|x86.ActiveCfg = Release|Any CPU
		{A6FD7A7F-5C6B-407E-9650-0AFF9F6C555D}.Release|x86.Build.0 = Release|Any CPU
		{841A0ED1-5248-4FEE-A8ED-EB6A36208BAB}.Debug|Any CPU.ActiveCfg = Debug|Any CPU
		{841A0ED1-5248-4FEE-A8ED-EB6A36208BAB}.Debug|Any CPU.Build.0 = Debug|Any CPU
		{841A0ED1-5248-4FEE-A8ED-EB6A36208BAB}.Debug|x64.ActiveCfg = Debug|Any CPU
		{841A0ED1-5248-4FEE-A8ED-EB6A36208BAB}.Debug|x64.Build.0 = Debug|Any CPU
		{841A0ED1-5248-4FEE-A8ED-EB6A36208BAB}.Debug|x86.ActiveCfg = Debug|Any CPU
		{841A0ED1-5248-4FEE-A8ED-EB6A36208BAB}.Debug|x86.Build.0 = Debug|Any CPU
		{841A0ED1-5248-4FEE-A8ED-EB6A36208BAB}.Release|Any CPU.ActiveCfg = Release|Any CPU
		{841A0ED1-5248-4FEE-A8ED-EB6A36208BAB}.Release|Any CPU.Build.0 = Release|Any CPU
		{841A0ED1-5248-4FEE-A8ED-EB6A36208BAB}.Release|x64.ActiveCfg = Release|Any CPU
		{841A0ED1-5248-4FEE-A8ED-EB6A36208BAB}.Release|x64.Build.0 = Release|Any CPU
		{841A0ED1-5248-4FEE-A8ED-EB6A36208BAB}.Release|x86.ActiveCfg = Release|Any CPU
		{841A0ED1-5248-4FEE-A8ED-EB6A36208BAB}.Release|x86.Build.0 = Release|Any CPU
	EndGlobalSection
	GlobalSection(SolutionProperties) = preSolution
		HideSolutionNode = FALSE
	EndGlobalSection
	GlobalSection(ExtensibilityGlobals) = postSolution
		SolutionGuid = {4ED00F05-5076-41E4-8ED7-996CFEAFFC67}
	EndGlobalSection
EndGlobal
